
Microsoft Visual Studio Solution File, Format Version 12.00
# Visual Studio Version 16
VisualStudioVersion = 16.0.32602.291
MinimumVisualStudioVersion = 10.0.40219.1
Project("{4DF76451-A46A-4C0B-BE03-459FAAFA07E6}") = "Azure Key Vault", "Azure Key Vault\Azure Key Vault.mproj", "{AD13C544-7F9B-42B2-B38B-467447678C56}"
EndProject
Global
	GlobalSection(SolutionConfigurationPlatforms) = preSolution
		Debug|x86 = Debug|x86
		Release|x86 = Release|x86
	EndGlobalSection
	GlobalSection(ProjectConfigurationPlatforms) = postSolution
		{AD13C544-7F9B-42B2-B38B-467447678C56}.Debug|x86.ActiveCfg = Debug|x86
		{AD13C544-7F9B-42B2-B38B-467447678C56}.Debug|x86.Build.0 = Debug|x86
		{AD13C544-7F9B-42B2-B38B-467447678C56}.Release|x86.ActiveCfg = Release|x86
		{AD13C544-7F9B-42B2-B38B-467447678C56}.Release|x86.Build.0 = Release|x86
	EndGlobalSection
	GlobalSection(SolutionProperties) = preSolution
		HideSolutionNode = FALSE
	EndGlobalSection
	GlobalSection(ExtensibilityGlobals) = postSolution
		SolutionGuid = {21685E1F-D60B-42F5-996E-C1DFBF2858C7}
	EndGlobalSection
EndGlobal
